{
  "name": "@cogniboom/canvas",
  "version": "0.2.1",
  "lockfileVersion": 3,
  "requires": true,
  "packages": {
    "": {
      "name": "@cogniboom/canvas",
      "version": "0.2.1",
      "hasInstallScript": true,
      "license": "UNLICENSED",
      "bin": {
        "canvas": "bin/canvas-mcp.js"
      },
      "engines": {
        "node": ">=18"
      }
    }
  }
}
